
Microsoft Visual Studio Solution File, Format Version 12.00
# Visual Studio Version 17
VisualStudioVersion = 17.4.33213.308
MinimumVisualStudioVersion = 10.0.40219.1
Project("{9A19103F-16F7-4668-BE54-9A1E7A4F7556}") = "ResteurantApi", "ResteurantApiAspNetCore2\ResteurantApi.csproj", "{06999E47-CFA5-459A-8B3C-A6A9B7B58033}"
EndProject
Project("{9A19103F-16F7-4668-BE54-9A1E7A4F7556}") = "ResteurantClientApp", "ResteurantClientApp\ResteurantClientApp.csproj", "{B6E3B03D-B483-4FE0-9DDF-C71DAF8BD6D3}"
EndProject
Global
	GlobalSection(SolutionConfigurationPlatforms) = preSolution
		Debug|Any CPU = Debug|Any CPU
		Release|Any CPU = Release|Any CPU
	EndGlobalSection
	GlobalSection(ProjectConfigurationPlatforms) = postSolution
		{06999E47-CFA5-459A-8B3C-A6A9B7B58033}.Debug|Any CPU.ActiveCfg = Debug|Any CPU
		{06999E47-CFA5-459A-8B3C-A6A9B7B58033}.Debug|Any CPU.Build.0 = Debug|Any CPU
		{06999E47-CFA5-459A-8B3C-A6A9B7B58033}.Release|Any CPU.ActiveCfg = Release|Any CPU
		{06999E47-CFA5-459A-8B3C-A6A9B7B58033}.Release|Any CPU.Build.0 = Release|Any CPU
		{B6E3B03D-B483-4FE0-9DDF-C71DAF8BD6D3}.Debug|Any CPU.ActiveCfg = Debug|Any CPU
		{B6E3B03D-B483-4FE0-9DDF-C71DAF8BD6D3}.Debug|Any CPU.Build.0 = Debug|Any CPU
		{B6E3B03D-B483-4FE0-9DDF-C71DAF8BD6D3}.Release|Any CPU.ActiveCfg = Release|Any CPU
		{B6E3B03D-B483-4FE0-9DDF-C71DAF8BD6D3}.Release|Any CPU.Build.0 = Release|Any CPU
	EndGlobalSection
	GlobalSection(SolutionProperties) = preSolution
		HideSolutionNode = FALSE
	EndGlobalSection
	GlobalSection(ExtensibilityGlobals) = postSolution
		SolutionGuid = {2C397CA6-2B9D-4AB8-BB14-7336FF71A959}
	EndGlobalSection
EndGlobal
